// !$*UTF8*$!
{
	archiveVersion = 1;
	classes = {
	};
	objectVersion = 50;
	objects = {

/* Begin PBXBuildFile section */
		18B69EB220B526F000926ED0 /* AppDelegate.swift in Sources */ = {isa = PBXBuildFile; fileRef = 18B69EB120B526F000926ED0 /* AppDelegate.swift */; };
		18B69EB420B526F000926ED0 /* ViewController.swift in Sources */ = {isa = PBXBuildFile; fileRef = 18B69EB320B526F000926ED0 /* ViewController.swift */; };
		18B69EB720B526F000926ED0 /* Main.storyboard in Resources */ = {isa = PBXBuildFile; fileRef = 18B69EB520B526F000926ED0 /* Main.storyboard */; };
		18B69EB920B526F300926ED0 /* Assets.xcassets in Resources */ = {isa = PBXBuildFile; fileRef = 18B69EB820B526F300926ED0 /* Assets.xcassets */; };
		18B69EBC20B526F300926ED0 /* LaunchScreen.storyboard in Resources */ = {isa = PBXBuildFile; fileRef = 18B69EBA20B526F300926ED0 /* LaunchScreen.storyboard */; };
		18B69EC420B5272200926ED0 /* MGPScannerViewController.swift in Sources */ = {isa = PBXBuildFile; fileRef = 18B69EC320B5272200926ED0 /* MGPScannerViewController.swift */; };
/* End PBXBuildFile section */

/* Begin PBXFileReference section */
		18B69EAE20B526F000926ED0 /* ScannerDemo.app */ = {isa = PBXFileReference; explicitFileType = wrapper.application; includeInIndex = 0; path = ScannerDemo.app; sourceTree = BUILT_PRODUCTS_DIR; };
		18B69EB120B526F000926ED0 /* AppDelegate.swift */ = {isa = PBXFileReference; lastKnownFileType = sourcecode.swift; path = AppDelegate.swift; sourceTree = "<group>"; };
		18B69EB320B526F000926ED0 /* ViewController.swift */ = {isa = PBXFileReference; lastKnownFileType = sourcecode.swift; path = ViewController.swift; sourceTree = "<group>"; };
		18B69EB620B526F000926ED0 /* Base */ = {isa = PBXFileReference; lastKnownFileType = file.storyboard; name = Base; path = Base.lproj/Main.storyboard; sourceTree = "<group>"; };
		18B69EB820B526F300926ED0 /* Assets.xcassets */ = {isa = PBXFileReference; lastKnownFileType = folder.assetcatalog; path = Assets.xcassets; sourceTree = "<group>"; };
		18B69EBB20B526F300926ED0 /* Base */ = {isa = PBXFileReference; lastKnownFileType = file.storyboard; name = Base; path = Base.lproj/LaunchScreen.storyboard; sourceTree = "<group>"; };
		18B69EBD20B526F300926ED0 /* Info.plist */ = {isa = PBXFileReference; lastKnownFileType = text.plist.xml; path = Info.plist; sourceTree = "<group>"; };
		18B69EC320B5272200926ED0 /* MGPScannerViewController.swift */ = {isa = PBXFileReference; lastKnownFileType = sourcecode.swift; path = MGPScannerViewController.swift; sourceTree = "<group>"; };
/* End PBXFileReference section */

/* Begin PBXFrameworksBuildPhase section */
		18B69EAB20B526F000926ED0 /* Frameworks */ = {
			isa = PBXFrameworksBuildPhase;
			buildActionMask = 2147483647;
			files = (
			);
			runOnlyForDeploymentPostprocessing = 0;
		};
/* End PBXFrameworksBuildPhase section */

/* Begin PBXGroup section */
		18B69EA520B526F000926ED0 = {
			isa = PBXGroup;
			children = (
				18B69EB020B526F000926ED0 /* ScannerDemo */,
				18B69EAF20B526F000926ED0 /* Products */,
			);
			sourceTree = "<group>";
		};
		18B69EAF20B526F000926ED0 /* Products */ = {
			isa = PBXGroup;
			children = (
				18B69EAE20B526F000926ED0 /* ScannerDemo.app */,
			);
			name = Products;
			sourceTree = "<group>";
		};
		18B69EB020B526F000926ED0 /* ScannerDemo */ = {
			isa = PBXGroup;
			children = (
				18B69EB120B526F000926ED0 /* AppDelegate.swift */,
				18B69EB320B526F000926ED0 /* ViewController.swift */,
				18B69EC320B5272200926ED0 /* MGPScannerViewController.swift */,
				18B69EB520B526F000926ED0 /* Main.storyboard */,
				18B69EB820B526F300926ED0 /* Assets.xcassets */,
				18B69EBA20B526F300926ED0 /* LaunchScreen.storyboard */,
				18B69EBD20B526F300926ED0 /* Info.plist */,
			);
			path = ScannerDemo;
			sourceTree = "<group>";
		};
/* End PBXGroup section */

/* Begin PBXNativeTarget section */
		18B69EAD20B526F000926ED0 /* ScannerDemo */ = {
			isa = PBXNativeTarget;
			buildConfigurationList = 18B69EC020B526F300926ED0 /* Build configuration list for PBXNativeTarget "ScannerDemo" */;
			buildPhases = (
				18B69EAA20B526F000926ED0 /* Sources */,
				18B69EAB20B526F000926ED0 /* Frameworks */,
				18B69EAC20B526F000926ED0 /* Resources */,
			);
			buildRules = (
			);
			dependencies = (
			);
			name = ScannerDemo;
			productName = ScannerDemo;
			productReference = 18B69EAE20B526F000926ED0 /* ScannerDemo.app */;
			productType = "com.apple.product-type.application";
		};
/* End PBXNativeTarget section */

/* Begin PBXProject section */
		18B69EA620B526F000926ED0 /* Project object */ = {
			isa = PBXProject;
			attributes = {
				LastSwiftUpdateCheck = 0930;
				LastUpgradeCheck = 0930;
				ORGANIZATIONNAME = Mahendra;
				TargetAttributes = {
					18B69EAD20B526F000926ED0 = {
						CreatedOnToolsVersion = 9.3;
					};
				};
			};
			buildConfigurationList = 18B69EA920B526F000926ED0 /* Build configuration list for PBXProject "ScannerDemo" */;
			compatibilityVersion = "Xcode 9.3";
			developmentRegion = en;
			hasScannedForEncodings = 0;
			knownRegions = (
				en,
				Base,
			);
			mainGroup = 18B69EA520B526F000926ED0;
			productRefGroup = 18B69EAF20B526F000926ED0 /* Products */;
			projectDirPath = "";
			projectRoot = "";
			targets = (
				18B69EAD20B526F000926ED0 /* ScannerDemo */,
			);
		};
/* End PBXProject section */

/* Begin PBXResourcesBuildPhase section */
		18B69EAC20B526F000926ED0 /* Resources */ = {
			isa = PBXResourcesBuildPhase;
			buildActionMask = 2147483647;
			files = (
				18B69EBC20B526F300926ED0 /* LaunchScreen.storyboard in Resources */,
				18B69EB920B526F300926ED0 /* Assets.xcassets in Resources */,
				18B69EB720B526F000926ED0 /* Main.storyboard in Resources */,
			);
			runOnlyForDeploymentPostprocessing = 0;
		};
/* End PBXResourcesBuildPhase section */

/* Begin PBXSourcesBuildPhase section */
		18B69EAA20B526F000926ED0 /* Sources */ = {
			isa = PBXSourcesBuildPhase;
			buildActionMask = 2147483647;
			files = (
				18B69EC420B5272200926ED0 /* MGPScannerViewController.swift in Sources */,
				18B69EB420B526F000926ED0 /* ViewController.swift in Sources */,
				18B69EB220B526F000926ED0 /* AppDelegate.swift in Sources */,
			);
			runOnlyForDeploymentPostprocessing = 0;
		};
/* End PBXSourcesBuildPhase section */

/* Begin PBXVariantGroup section */
		18B69EB520B526F000926ED0 /* Main.storyboard */ = {
			isa = PBXVariantGroup;
			children = (
				18B69EB620B526F000926ED0 /* Base */,
			);
			name = Main.storyboard;
			sourceTree = "<group>";
		};
		18B69EBA20B526F300926ED0 /* LaunchScreen.storyboard */ = {
			isa = PBXVariantGroup;
			children = (
				18B69EBB20B526F300926ED0 /* Base */,
			);
			name = LaunchScreen.storyboard;
			sourceTree = "<group>";
		};
/* End PBXVariantGroup section */

/* Begin XCBuildConfiguration section */
		18B69EBE20B526F300926ED0 /* Debug */ = {
			isa = XCBuildConfiguration;
			buildSettings = {
				ALWAYS_SEARCH_USER_PATHS = NO;
				CLANG_ANALYZER_NONNULL = YES;
				CLANG_ANALYZER_NUMBER_OBJECT_CONVERSION = YES_AGGRESSIVE;
				CLANG_CXX_LANGUAGE_STANDARD = "gnu++14";
				CLANG_CXX_LIBRARY = "libc++";
				CLANG_ENABLE_MODULES = YES;
				CLANG_ENABLE_OBJC_ARC = YES;
				CLANG_ENABLE_OBJC_WEAK = YES;
				CLANG_WARN_BLOCK_CAPTURE_AUTORELEASING = YES;
				CLANG_WARN_BOOL_CONVERSION = YES;
				CLANG_WARN_COMMA = YES;
				CLANG_WARN_CONSTANT_CONVERSION = YES;
				CLANG_WARN_DEPRECATED_OBJC_IMPLEMENTATIONS = YES;
				CLANG_WARN_DIRECT_OBJC_ISA_USAGE = YES_ERROR;
				CLANG_WARN_DOCUMENTATION_COMMENTS = YES;
				CLANG_WARN_EMPTY_BODY = YES;
				CLANG_WARN_ENUM_CONVERSION = YES;
				CLANG_WARN_INFINITE_RECURSION = YES;
				CLANG_WARN_INT_CONVERSION = YES;
				CLANG_WARN_NON_LITERAL_NULL_CONVERSION = YES;
				CLANG_WARN_OBJC_IMPLICIT_RETAIN_SELF = YES;
				CLANG_WARN_OBJC_LITERAL_CONVERSION = YES;
				CLANG_WARN_OBJC_ROOT_CLASS = YES_ERROR;
				CLANG_WARN_RANGE_LOOP_ANALYSIS = YES;
				CLANG_WARN_STRICT_PROTOTYPES = YES;
				CLANG_WARN_SUSPICIOUS_MOVE = YES;
				CLANG_WARN_UNGUARDED_AVAILABILITY = YES_AGGRESSIVE;
				CLANG_WARN_UNREACHABLE_CODE = YES;
				CLANG_WARN__DUPLICATE_METHOD_MATCH = YES;
				CODE_SIGN_IDENTITY = "iPhone Developer";
				COPY_PHASE_STRIP = NO;
				DEBUG_INFORMATION_FORMAT = dwarf;
				ENABLE_STRICT_OBJC_MSGSEND = YES;
				ENABLE_TESTABILITY = YES;
				GCC_C_LANGUAGE_STANDARD = gnu11;
				GCC_DYNAMIC_NO_PIC = NO;
				GCC_NO_COMMON_BLOCKS = YES;
				GCC_OPTIMIZATION_LEVEL = 0;
				GCC_PREPROCESSOR_DEFINITIONS = (
					"DEBUG=1",
					"$(inherited)",
				);
				GCC_WARN_64_TO_32_BIT_CONVERSION = YES;
				GCC_WARN_ABOUT_RETURN_TYPE = YES_ERROR;
				GCC_WARN_UNDECLARED_SELECTOR = YES;
				GCC_WARN_UNINITIALIZED_AUTOS = YES_AGGRESSIVE;
				GCC_WARN_UNUSED_FUNCTION = YES;
				GCC_WARN_UNUSED_VARIABLE = YES;
				IPHONEOS_DEPLOYMENT_TARGET = 11.3;
				MTL_ENABLE_DEBUG_INFO = YES;
				ONLY_ACTIVE_ARCH = YES;
				SDKROOT = iphoneos;
				SWIFT_ACTIVE_COMPILATION_CONDITIONS = DEBUG;
				SWIFT_OPTIMIZATION_LEVEL = "-Onone";
			};
			name = Debug;
		};
		18B69EBF20B526F300926ED0 /* Release */ = {
			isa = XCBuildConfiguration;
			buildSettings = {
				ALWAYS_SEARCH_USER_PATHS = NO;
				CLANG_ANALYZER_NONNULL = YES;
				CLANG_ANALYZER_NUMBER_OBJECT_CONVERSION = YES_AGGRESSIVE;
				CLANG_CXX_LANGUAGE_STANDARD = "gnu++14";
				CLANG_CXX_LIBRARY = "libc++";
				CLANG_ENABLE_MODULES = YES;
				CLANG_ENABLE_OBJC_ARC = YES;
				CLANG_ENABLE_OBJC_WEAK = YES;
				CLANG_WARN_BLOCK_CAPTURE_AUTORELEASING = YES;
				CLANG_WARN_BOOL_CONVERSION = YES;
				CLANG_WARN_COMMA = YES;
				CLANG_WARN_CONSTANT_CONVERSION = YES;
				CLANG_WARN_DEPRECATED_OBJC_IMPLEMENTATIONS = YES;
				CLANG_WARN_DIRECT_OBJC_ISA_USAGE = YES_ERROR;
				CLANG_WARN_DOCUMENTATION_COMMENTS = YES;
				CLANG_WARN_EMPTY_BODY = YES;
				CLANG_WARN_ENUM_CONVERSION = YES;
				CLANG_WARN_INFINITE_RECURSION = YES;
				CLANG_WARN_INT_CONVERSION = YES;
				CLANG_WARN_NON_LITERAL_NULL_CONVERSION = YES;
				CLANG_WARN_OBJC_IMPLICIT_RETAIN_SELF = YES;
				CLANG_WARN_OBJC_LITERAL_CONVERSION = YES;
				CLANG_WARN_OBJC_ROOT_CLASS = YES_ERROR;
				CLANG_WARN_RANGE_LOOP_ANALYSIS = YES;
				CLANG_WARN_STRICT_PROTOTYPES = YES;
				CLANG_WARN_SUSPICIOUS_MOVE = YES;
				CLANG_WARN_UNGUARDED_AVAILABILITY = YES_AGGRESSIVE;
				CLANG_WARN_UNREACHABLE_CODE = YES;
				CLANG_WARN__DUPLICATE_METHOD_MATCH = YES;
				CODE_SIGN_IDENTITY = "iPhone Developer";
				COPY_PHASE_STRIP = NO;
				DEBUG_INFORMATION_FORMAT = "dwarf-with-dsym";
				ENABLE_NS_ASSERTIONS = NO;
				ENABLE_STRICT_OBJC_MSGSEND = YES;
				GCC_C_LANGUAGE_STANDARD = gnu11;
				GCC_NO_COMMON_BLOCKS = YES;
				GCC_WARN_64_TO_32_BIT_CONVERSION = YES;
				GCC_WARN_ABOUT_RETURN_TYPE = YES_ERROR;
				GCC_WARN_UNDECLARED_SELECTOR = YES;
				GCC_WARN_UNINITIALIZED_AUTOS = YES_AGGRESSIVE;
				GCC_WARN_UNUSED_FUNCTION = YES;
				GCC_WARN_UNUSED_VARIABLE = YES;
				IPHONEOS_DEPLOYMENT_TARGET = 11.3;
				MTL_ENABLE_DEBUG_INFO = NO;
				SDKROOT = iphoneos;
				SWIFT_COMPILATION_MODE = wholemodule;
				SWIFT_OPTIMIZATION_LEVEL = "-O";
				VALIDATE_PRODUCT = YES;
			};
			name = Release;
		};
		18B69EC120B526F300926ED0 /* Debug */ = {
			isa = XCBuildConfiguration;
			buildSettings = {
				ASSETCATALOG_COMPILER_APPICON_NAME = AppIcon;
				CODE_SIGN_STYLE = Manual;
				DEVELOPMENT_TEAM = 6CJKUSRQH8;
				INFOPLIST_FILE = ScannerDemo/Info.plist;
				IPHONEOS_DEPLOYMENT_TARGET = 10.0;
				LD_RUNPATH_SEARCH_PATHS = (
					"$(inherited)",
					"@executable_path/Frameworks",
				);
				PRODUCT_BUNDLE_IDENTIFIER = com.mgp.scannerdemo;
				PRODUCT_NAME = "$(TARGET_NAME)";
				PROVISIONING_PROFILE = "3bb210a6-b48f-416c-8923-d9ba705f16f8";
				PROVISIONING_PROFILE_SPECIFIER = EzzyCoupons_Dev;
				SWIFT_VERSION = 4.0;
				TARGETED_DEVICE_FAMILY = "1,2";
			};
			name = Debug;
		};
		18B69EC220B526F300926ED0 /* Release */ = {
			isa = XCBuildConfiguration;
			buildSettings = {
				ASSETCATALOG_COMPILER_APPICON_NAME = AppIcon;
				CODE_SIGN_STYLE = Manual;
				DEVELOPMENT_TEAM = 6CJKUSRQH8;
				INFOPLIST_FILE = ScannerDemo/Info.plist;
				IPHONEOS_DEPLOYMENT_TARGET = 10.0;
				LD_RUNPATH_SEARCH_PATHS = (
					"$(inherited)",
					"@executable_path/Frameworks",
				);
				PRODUCT_BUNDLE_IDENTIFIER = com.mgp.scannerdemo;
				PRODUCT_NAME = "$(TARGET_NAME)";
				PROVISIONING_PROFILE = "3bb210a6-b48f-416c-8923-d9ba705f16f8";
				PROVISIONING_PROFILE_SPECIFIER = EzzyCoupons_Dev;
				SWIFT_VERSION = 4.0;
				TARGETED_DEVICE_FAMILY = "1,2";
			};
			name = Release;
		};
/* End XCBuildConfiguration section */

/* Begin XCConfigurationList section */
		18B69EA920B526F000926ED0 /* Build configuration list for PBXProject "ScannerDemo" */ = {
			isa = XCConfigurationList;
			buildConfigurations = (
				18B69EBE20B526F300926ED0 /* Debug */,
				18B69EBF20B526F300926ED0 /* Release */,
			);
			defaultConfigurationIsVisible = 0;
			defaultConfigurationName = Release;
		};
		18B69EC020B526F300926ED0 /* Build configuration list for PBXNativeTarget "ScannerDemo" */ = {
			isa = XCConfigurationList;
			buildConfigurations = (
				18B69EC120B526F300926ED0 /* Debug */,
				18B69EC220B526F300926ED0 /* Release */,
			);
			defaultConfigurationIsVisible = 0;
			defaultConfigurationName = Release;
		};
/* End XCConfigurationList section */
	};
	rootObject = 18B69EA620B526F000926ED0 /* Project object */;
}
